
Microsoft Visual Studio Solution File, Format Version 12.00
# Visual Studio 15
VisualStudioVersion = 15.0.27428.2027
MinimumVisualStudioVersion = 10.0.40219.1
Project("{FAE04EC0-301F-11D3-BF4B-00C04F79EFBC}") = "Asiakasrekisteri pe-ilta", "Asiakasrekisteri pe-ilta\Asiakasrekisteri pe-ilta.csproj", "{0DC217AA-E00D-4F0B-81A2-E56AD5E460A2}"
EndProject
Global
	GlobalSection(SolutionConfigurationPlatforms) = preSolution
		Debug|Any CPU = Debug|Any CPU
		Release|Any CPU = Release|Any CPU
	EndGlobalSection
	GlobalSection(ProjectConfigurationPlatforms) = postSolution
		{0DC217AA-E00D-4F0B-81A2-E56AD5E460A2}.Debug|Any CPU.ActiveCfg = Debug|Any CPU
		{0DC217AA-E00D-4F0B-81A2-E56AD5E460A2}.Debug|Any CPU.Build.0 = Debug|Any CPU
		{0DC217AA-E00D-4F0B-81A2-E56AD5E460A2}.Release|Any CPU.ActiveCfg = Release|Any CPU
		{0DC217AA-E00D-4F0B-81A2-E56AD5E460A2}.Release|Any CPU.Build.0 = Release|Any CPU
	EndGlobalSection
	GlobalSection(SolutionProperties) = preSolution
		HideSolutionNode = FALSE
	EndGlobalSection
	GlobalSection(ExtensibilityGlobals) = postSolution
		SolutionGuid = {B935E0DB-6459-4C68-8C21-75CAD6001B47}
	EndGlobalSection
EndGlobal
